
Microsoft Visual Studio Solution File, Format Version 12.00
# Visual Studio Version 17
VisualStudioVersion = 17.0.31903.59
MinimumVisualStudioVersion = 10.0.40219.1
Project("{2150E333-8FDC-42A3-9474-1A3956D46DE8}") = "src", "src", "{827E0CD3-B72D-47B6-A68D-7590B98EB39B}"
EndProject
Project("{FAE04EC0-301F-11D3-BF4B-00C04F79EFBC}") = "BetterThinq.ThinQ", "src\BetterThinq.ThinQ\BetterThinq.ThinQ.csproj", "{1E517222-9E94-46AC-9213-963E4B7DD18B}"
EndProject
Project("{FAE04EC0-301F-11D3-BF4B-00C04F79EFBC}") = "BetterThinq.Web", "src\BetterThinq.Web\BetterThinq.Web.csproj", "{5EC2BF00-A6A4-490B-8527-C7A7825F3E1D}"
EndProject
Project("{FAE04EC0-301F-11D3-BF4B-00C04F79EFBC}") = "BetterThinq.ThinQ.Tests", "tests\BetterThinq.ThinQ.Tests\BetterThinq.ThinQ.Tests.csproj", "{DBBCBD7E-072F-4A88-BBC8-E856EFE1DFA4}"
EndProject
Project("{2150E333-8FDC-42A3-9474-1A3956D46DE8}") = "tests", "tests", "{0AB3BF05-4346-4AA6-1389-037BE0695223}"
EndProject
Project("{FAE04EC0-301F-11D3-BF4B-00C04F79EFBC}") = "BetterThinq.Web.Tests", "tests\BetterThinq.Web.Tests\BetterThinq.Web.Tests.csproj", "{18CF01F8-1FF9-48A4-BBD3-7FC5DD1A9307}"
EndProject
Global
	GlobalSection(SolutionConfigurationPlatforms) = preSolution
		Debug|Any CPU = Debug|Any CPU
		Debug|x64 = Debug|x64
		Debug|x86 = Debug|x86
		Release|Any CPU = Release|Any CPU
		Release|x64 = Release|x64
		Release|x86 = Release|x86
	EndGlobalSection
	GlobalSection(ProjectConfigurationPlatforms) = postSolution
		{1E517222-9E94-46AC-9213-963E4B7DD18B}.Debug|Any CPU.ActiveCfg = Debug|Any CPU
		{1E517222-9E94-46AC-9213-963E4B7DD18B}.Debug|Any CPU.Build.0 = Debug|Any CPU
		{1E517222-9E94-46AC-9213-963E4B7DD18B}.Debug|x64.ActiveCfg = Debug|Any CPU
		{1E517222-9E94-46AC-9213-963E4B7DD18B}.Debug|x64.Build.0 = Debug|Any CPU
		{1E517222-9E94-46AC-9213-963E4B7DD18B}.Debug|x86.ActiveCfg = Debug|Any CPU
		{1E517222-9E94-46AC-9213-963E4B7DD18B}.Debug|x86.Build.0 = Debug|Any CPU
		{1E517222-9E94-46AC-9213-963E4B7DD18B}.Release|Any CPU.ActiveCfg = Release|Any CPU
		{1E517222-9E94-46AC-9213-963E4B7DD18B}.Release|Any CPU.Build.0 = Release|Any CPU
		{1E517222-9E94-46AC-9213-963E4B7DD18B}.Release|x64.ActiveCfg = Release|Any CPU
		{1E517222-9E94-46AC-9213-963E4B7DD18B}.Release|x64.Build.0 = Release|Any CPU
		{1E517222-9E94-46AC-9213-963E4B7DD18B}.Release|x86.ActiveCfg = Release|Any CPU
		{1E517222-9E94-46AC-9213-963E4B7DD18B}.Release|x86.Build.0 = Release|Any CPU
		{5EC2BF00-A6A4-490B-8527-C7A7825F3E1D}.Debug|Any CPU.ActiveCfg = Debug|Any CPU
		{5EC2BF00-A6A4-490B-8527-C7A7825F3E1D}.Debug|Any CPU.Build.0 = Debug|Any CPU
		{5EC2BF00-A6A4-490B-8527-C7A7825F3E1D}.Debug|x64.ActiveCfg = Debug|Any CPU
		{5EC2BF00-A6A4-490B-8527-C7A7825F3E1D}.Debug|x64.Build.0 = Debug|Any CPU
		{5EC2BF00-A6A4-490B-8527-C7A7825F3E1D}.Debug|x86.ActiveCfg = Debug|Any CPU
		{5EC2BF00-A6A4-490B-8527-C7A7825F3E1D}.Debug|x86.Build.0 = Debug|Any CPU
		{5EC2BF00-A6A4-490B-8527-C7A7825F3E1D}.Release|Any CPU.ActiveCfg = Release|Any CPU
		{5EC2BF00-A6A4-490B-8527-C7A7825F3E1D}.Release|Any CPU.Build.0 = Release|Any CPU
		{5EC2BF00-A6A4-490B-8527-C7A7825F3E1D}.Release|x64.ActiveCfg = Release|Any CPU
		{5EC2BF00-A6A4-490B-8527-C7A7825F3E1D}.Release|x64.Build.0 = Release|Any CPU
		{5EC2BF00-A6A4-490B-8527-C7A7825F3E1D}.Release|x86.ActiveCfg = Release|Any CPU
		{5EC2BF00-A6A4-490B-8527-C7A7825F3E1D}.Release|x86.Build.0 = Release|Any CPU
		{DBBCBD7E-072F-4A88-BBC8-E856EFE1DFA4}.Debug|Any CPU.ActiveCfg = Debug|Any CPU
		{DBBCBD7E-072F-4A88-BBC8-E856EFE1DFA4}.Debug|Any CPU.Build.0 = Debug|Any CPU
		{DBBCBD7E-072F-4A88-BBC8-E856EFE1DFA4}.Debug|x64.ActiveCfg = Debug|Any CPU
		{DBBCBD7E-072F-4A88-BBC8-E856EFE1DFA4}.Debug|x64.Build.0 = Debug|Any CPU
		{DBBCBD7E-072F-4A88-BBC8-E856EFE1DFA4}.Debug|x86.ActiveCfg = Debug|Any CPU
		{DBBCBD7E-072F-4A88-BBC8-E856EFE1DFA4}.Debug|x86.Build.0 = Debug|Any CPU
		{DBBCBD7E-072F-4A88-BBC8-E856EFE1DFA4}.Release|Any CPU.ActiveCfg = Release|Any CPU
		{DBBCBD7E-072F-4A88-BBC8-E856EFE1DFA4}.Release|Any CPU.Build.0 = Release|Any CPU
		{DBBCBD7E-072F-4A88-BBC8-E856EFE1DFA4}.Release|x64.ActiveCfg = Release|Any CPU
		{DBBCBD7E-072F-4A88-BBC8-E856EFE1DFA4}.Release|x64.Build.0 = Release|Any CPU
		{DBBCBD7E-072F-4A88-BBC8-E856EFE1DFA4}.Release|x86.ActiveCfg = Release|Any CPU
		{DBBCBD7E-072F-4A88-BBC8-E856EFE1DFA4}.Release|x86.Build.0 = Release|Any CPU
		{18CF01F8-1FF9-48A4-BBD3-7FC5DD1A9307}.Debug|Any CPU.ActiveCfg = Debug|Any CPU
		{18CF01F8-1FF9-48A4-BBD3-7FC5DD1A9307}.Debug|Any CPU.Build.0 = Debug|Any CPU
		{18CF01F8-1FF9-48A4-BBD3-7FC5DD1A9307}.Debug|x64.ActiveCfg = Debug|Any CPU
		{18CF01F8-1FF9-48A4-BBD3-7FC5DD1A9307}.Debug|x64.Build.0 = Debug|Any CPU
		{18CF01F8-1FF9-48A4-BBD3-7FC5DD1A9307}.Debug|x86.ActiveCfg = Debug|Any CPU
		{18CF01F8-1FF9-48A4-BBD3-7FC5DD1A9307}.Debug|x86.Build.0 = Debug|Any CPU
		{18CF01F8-1FF9-48A4-BBD3-7FC5DD1A9307}.Release|Any CPU.ActiveCfg = Release|Any CPU
		{18CF01F8-1FF9-48A4-BBD3-7FC5DD1A9307}.Release|Any CPU.Build.0 = Release|Any CPU
		{18CF01F8-1FF9-48A4-BBD3-7FC5DD1A9307}.Release|x64.ActiveCfg = Release|Any CPU
		{18CF01F8-1FF9-48A4-BBD3-7FC5DD1A9307}.Release|x64.Build.0 = Release|Any CPU
		{18CF01F8-1FF9-48A4-BBD3-7FC5DD1A9307}.Release|x86.ActiveCfg = Release|Any CPU
		{18CF01F8-1FF9-48A4-BBD3-7FC5DD1A9307}.Release|x86.Build.0 = Release|Any CPU
	EndGlobalSection
	GlobalSection(SolutionProperties) = preSolution
		HideSolutionNode = FALSE
	EndGlobalSection
	GlobalSection(NestedProjects) = preSolution
		{1E517222-9E94-46AC-9213-963E4B7DD18B} = {827E0CD3-B72D-47B6-A68D-7590B98EB39B}
		{5EC2BF00-A6A4-490B-8527-C7A7825F3E1D} = {827E0CD3-B72D-47B6-A68D-7590B98EB39B}
		{DBBCBD7E-072F-4A88-BBC8-E856EFE1DFA4} = {827E0CD3-B72D-47B6-A68D-7590B98EB39B}
		{18CF01F8-1FF9-48A4-BBD3-7FC5DD1A9307} = {0AB3BF05-4346-4AA6-1389-037BE0695223}
	EndGlobalSection
EndGlobal
